// !$*UTF8*$!
{
	archiveVersion = 1;
	classes = {
	};
	objectVersion = 46;
	objects = {

/* Begin PBXBuildFile section */
		94D7A55C1A66319A0027A85F /* RegisterPageViewController.swift in Sources */ = {isa = PBXBuildFile; fileRef = 94D7A55B1A6631990027A85F /* RegisterPageViewController.swift */; };
		94D7A55E1A66365A0027A85F /* LoginViewController.swift in Sources */ = {isa = PBXBuildFile; fileRef = 94D7A55D1A66365A0027A85F /* LoginViewController.swift */; };
		94F140B41A5F95B100EC1BC9 /* AppDelegate.swift in Sources */ = {isa = PBXBuildFile; fileRef = 94F140B31A5F95B100EC1BC9 /* AppDelegate.swift */; };
		94F140B61A5F95B100EC1BC9 /* ViewController.swift in Sources */ = {isa = PBXBuildFile; fileRef = 94F140B51A5F95B100EC1BC9 /* ViewController.swift */; };
		94F140B91A5F95B100EC1BC9 /* Main.storyboard in Resources */ = {isa = PBXBuildFile; fileRef = 94F140B71A5F95B100EC1BC9 /* Main.storyboard */; };
		94F140BB1A5F95B100EC1BC9 /* Images.xcassets in Resources */ = {isa = PBXBuildFile; fileRef = 94F140BA1A5F95B100EC1BC9 /* Images.xcassets */; };
		94F140BE1A5F95B100EC1BC9 /* LaunchScreen.xib in Resources */ = {isa = PBXBuildFile; fileRef = 94F140BC1A5F95B100EC1BC9 /* LaunchScreen.xib */; };
		94F140CA1A5F95B100EC1BC9 /* UserLoginAndRegistrationTests.swift in Sources */ = {isa = PBXBuildFile; fileRef = 94F140C91A5F95B100EC1BC9 /* UserLoginAndRegistrationTests.swift */; };
/* End PBXBuildFile section */

/* Begin PBXContainerItemProxy section */
		94F140C41A5F95B100EC1BC9 /* PBXContainerItemProxy */ = {
			isa = PBXContainerItemProxy;
			containerPortal = 94F140A61A5F95B100EC1BC9 /* Project object */;
			proxyType = 1;
			remoteGlobalIDString = 94F140AD1A5F95B100EC1BC9;
			remoteInfo = UserLoginAndRegistration;
		};
/* End PBXContainerItemProxy section */

/* Begin PBXFileReference section */
		94779FB71B581EF000E12BE9 /* UserLoginAndRegistration copy-Info.plist */ = {isa = PBXFileReference; lastKnownFileType = text.plist.xml; name = "UserLoginAndRegistration copy-Info.plist"; path = "/Users/sergeykargopolov/Documents/Sergey/iOS-lessons/Swift/UserLoginAndRegistration/UserLoginAndRegistration copy-Info.plist"; sourceTree = "<absolute>"; };
		94D7A55B1A6631990027A85F /* RegisterPageViewController.swift */ = {isa = PBXFileReference; fileEncoding = 4; lastKnownFileType = sourcecode.swift; path = RegisterPageViewController.swift; sourceTree = "<group>"; };
		94D7A55D1A66365A0027A85F /* LoginViewController.swift */ = {isa = PBXFileReference; fileEncoding = 4; lastKnownFileType = sourcecode.swift; path = LoginViewController.swift; sourceTree = "<group>"; };
		94F140AE1A5F95B100EC1BC9 /* UserLoginAndRegistration.app */ = {isa = PBXFileReference; explicitFileType = wrapper.application; includeInIndex = 0; path = UserLoginAndRegistration.app; sourceTree = BUILT_PRODUCTS_DIR; };
		94F140B21A5F95B100EC1BC9 /* Info.plist */ = {isa = PBXFileReference; lastKnownFileType = text.plist.xml; path = Info.plist; sourceTree = "<group>"; };
		94F140B31A5F95B100EC1BC9 /* AppDelegate.swift */ = {isa = PBXFileReference; lastKnownFileType = sourcecode.swift; path = AppDelegate.swift; sourceTree = "<group>"; };
		94F140B51A5F95B100EC1BC9 /* ViewController.swift */ = {isa = PBXFileReference; lastKnownFileType = sourcecode.swift; path = ViewController.swift; sourceTree = "<group>"; };
		94F140B81A5F95B100EC1BC9 /* Base */ = {isa = PBXFileReference; lastKnownFileType = file.storyboard; name = Base; path = Base.lproj/Main.storyboard; sourceTree = "<group>"; };
		94F140BA1A5F95B100EC1BC9 /* Images.xcassets */ = {isa = PBXFileReference; lastKnownFileType = folder.assetcatalog; path = Images.xcassets; sourceTree = "<group>"; };
		94F140BD1A5F95B100EC1BC9 /* Base */ = {isa = PBXFileReference; lastKnownFileType = file.xib; name = Base; path = Base.lproj/LaunchScreen.xib; sourceTree = "<group>"; };
		94F140C31A5F95B100EC1BC9 /* UserLoginAndRegistrationTests.xctest */ = {isa = PBXFileReference; explicitFileType = wrapper.cfbundle; includeInIndex = 0; path = UserLoginAndRegistrationTests.xctest; sourceTree = BUILT_PRODUCTS_DIR; };
		94F140C81A5F95B100EC1BC9 /* Info.plist */ = {isa = PBXFileReference; lastKnownFileType = text.plist.xml; path = Info.plist; sourceTree = "<group>"; };
		94F140C91A5F95B100EC1BC9 /* UserLoginAndRegistrationTests.swift */ = {isa = PBXFileReference; lastKnownFileType = sourcecode.swift; path = UserLoginAndRegistrationTests.swift; sourceTree = "<group>"; };
/* End PBXFileReference section */

/* Begin PBXFrameworksBuildPhase section */
		94F140AB1A5F95B100EC1BC9 /* Frameworks */ = {
			isa = PBXFrameworksBuildPhase;
			buildActionMask = 2147483647;
			files = (
			);
			runOnlyForDeploymentPostprocessing = 0;
		};
		94F140C01A5F95B100EC1BC9 /* Frameworks */ = {
			isa = PBXFrameworksBuildPhase;
			buildActionMask = 2147483647;
			files = (
			);
			runOnlyForDeploymentPostprocessing = 0;
		};
/* End PBXFrameworksBuildPhase section */

/* Begin PBXGroup section */
		94F140A51A5F95B100EC1BC9 = {
			isa = PBXGroup;
			children = (
				94F140B01A5F95B100EC1BC9 /* UserLoginAndRegistration */,
				94F140C61A5F95B100EC1BC9 /* UserLoginAndRegistrationTests */,
				94F140AF1A5F95B100EC1BC9 /* Products */,
				94779FB71B581EF000E12BE9 /* UserLoginAndRegistration copy-Info.plist */,
			);
			sourceTree = "<group>";
		};
		94F140AF1A5F95B100EC1BC9 /* Products */ = {
			isa = PBXGroup;
			children = (
				94F140AE1A5F95B100EC1BC9 /* UserLoginAndRegistration.app */,
				94F140C31A5F95B100EC1BC9 /* UserLoginAndRegistrationTests.xctest */,
			);
			name = Products;
			sourceTree = "<group>";
		};
		94F140B01A5F95B100EC1BC9 /* UserLoginAndRegistration */ = {
			isa = PBXGroup;
			children = (
				94F140B31A5F95B100EC1BC9 /* AppDelegate.swift */,
				94F140B51A5F95B100EC1BC9 /* ViewController.swift */,
				94F140B71A5F95B100EC1BC9 /* Main.storyboard */,
				94F140BA1A5F95B100EC1BC9 /* Images.xcassets */,
				94F140BC1A5F95B100EC1BC9 /* LaunchScreen.xib */,
				94F140B11A5F95B100EC1BC9 /* Supporting Files */,
				94D7A55B1A6631990027A85F /* RegisterPageViewController.swift */,
				94D7A55D1A66365A0027A85F /* LoginViewController.swift */,
			);
			path = UserLoginAndRegistration;
			sourceTree = "<group>";
		};
		94F140B11A5F95B100EC1BC9 /* Supporting Files */ = {
			isa = PBXGroup;
			children = (
				94F140B21A5F95B100EC1BC9 /* Info.plist */,
			);
			name = "Supporting Files";
			sourceTree = "<group>";
		};
		94F140C61A5F95B100EC1BC9 /* UserLoginAndRegistrationTests */ = {
			isa = PBXGroup;
			children = (
				94F140C91A5F95B100EC1BC9 /* UserLoginAndRegistrationTests.swift */,
				94F140C71A5F95B100EC1BC9 /* Supporting Files */,
			);
			path = UserLoginAndRegistrationTests;
			sourceTree = "<group>";
		};
		94F140C71A5F95B100EC1BC9 /* Supporting Files */ = {
			isa = PBXGroup;
			children = (
				94F140C81A5F95B100EC1BC9 /* Info.plist */,
			);
			name = "Supporting Files";
			sourceTree = "<group>";
		};
/* End PBXGroup section */

/* Begin PBXNativeTarget section */
		94F140AD1A5F95B100EC1BC9 /* UserLoginAndRegistration */ = {
			isa = PBXNativeTarget;
			buildConfigurationList = 94F140CD1A5F95B100EC1BC9 /* Build configuration list for PBXNativeTarget "UserLoginAndRegistration" */;
			buildPhases = (
				94F140AA1A5F95B100EC1BC9 /* Sources */,
				94F140AB1A5F95B100EC1BC9 /* Frameworks */,
				94F140AC1A5F95B100EC1BC9 /* Resources */,
			);
			buildRules = (
			);
			dependencies = (
			);
			name = UserLoginAndRegistration;
			productName = UserLoginAndRegistration;
			productReference = 94F140AE1A5F95B100EC1BC9 /* UserLoginAndRegistration.app */;
			productType = "com.apple.product-type.application";
		};
		94F140C21A5F95B100EC1BC9 /* UserLoginAndRegistrationTests */ = {
			isa = PBXNativeTarget;
			buildConfigurationList = 94F140D01A5F95B100EC1BC9 /* Build configuration list for PBXNativeTarget "UserLoginAndRegistrationTests" */;
			buildPhases = (
				94F140BF1A5F95B100EC1BC9 /* Sources */,
				94F140C01A5F95B100EC1BC9 /* Frameworks */,
				94F140C11A5F95B100EC1BC9 /* Resources */,
			);
			buildRules = (
			);
			dependencies = (
				94F140C51A5F95B100EC1BC9 /* PBXTargetDependency */,
			);
			name = UserLoginAndRegistrationTests;
			productName = UserLoginAndRegistrationTests;
			productReference = 94F140C31A5F95B100EC1BC9 /* UserLoginAndRegistrationTests.xctest */;
			productType = "com.apple.product-type.bundle.unit-test";
		};
/* End PBXNativeTarget section */

/* Begin PBXProject section */
		94F140A61A5F95B100EC1BC9 /* Project object */ = {
			isa = PBXProject;
			attributes = {
				LastSwiftUpdateCheck = 0700;
				LastUpgradeCheck = 0610;
				ORGANIZATIONNAME = "Sergey Kargopolov";
				TargetAttributes = {
					94F140AD1A5F95B100EC1BC9 = {
						CreatedOnToolsVersion = 6.1;
					};
					94F140C21A5F95B100EC1BC9 = {
						CreatedOnToolsVersion = 6.1;
						TestTargetID = 94F140AD1A5F95B100EC1BC9;
					};
				};
			};
			buildConfigurationList = 94F140A91A5F95B100EC1BC9 /* Build configuration list for PBXProject "UserLoginAndRegistration" */;
			compatibilityVersion = "Xcode 3.2";
			developmentRegion = English;
			hasScannedForEncodings = 0;
			knownRegions = (
				en,
				Base,
			);
			mainGroup = 94F140A51A5F95B100EC1BC9;
			productRefGroup = 94F140AF1A5F95B100EC1BC9 /* Products */;
			projectDirPath = "";
			projectRoot = "";
			targets = (
				94F140AD1A5F95B100EC1BC9 /* UserLoginAndRegistration */,
				94F140C21A5F95B100EC1BC9 /* UserLoginAndRegistrationTests */,
			);
		};
/* End PBXProject section */

/* Begin PBXResourcesBuildPhase section */
		94F140AC1A5F95B100EC1BC9 /* Resources */ = {
			isa = PBXResourcesBuildPhase;
			buildActionMask = 2147483647;
			files = (
				94F140B91A5F95B100EC1BC9 /* Main.storyboard in Resources */,
				94F140BE1A5F95B100EC1BC9 /* LaunchScreen.xib in Resources */,
				94F140BB1A5F95B100EC1BC9 /* Images.xcassets in Resources */,
			);
			runOnlyForDeploymentPostprocessing = 0;
		};
		94F140C11A5F95B100EC1BC9 /* Resources */ = {
			isa = PBXResourcesBuildPhase;
			buildActionMask = 2147483647;
			files = (
			);
			runOnlyForDeploymentPostprocessing = 0;
		};
/* End PBXResourcesBuildPhase section */

/* Begin PBXSourcesBuildPhase section */
		94F140AA1A5F95B100EC1BC9 /* Sources */ = {
			isa = PBXSourcesBuildPhase;
			buildActionMask = 2147483647;
			files = (
				94D7A55E1A66365A0027A85F /* LoginViewController.swift in Sources */,
				94F140B61A5F95B100EC1BC9 /* ViewController.swift in Sources */,
				94F140B41A5F95B100EC1BC9 /* AppDelegate.swift in Sources */,
				94D7A55C1A66319A0027A85F /* RegisterPageViewController.swift in Sources */,
			);
			runOnlyForDeploymentPostprocessing = 0;
		};
		94F140BF1A5F95B100EC1BC9 /* Sources */ = {
			isa = PBXSourcesBuildPhase;
			buildActionMask = 2147483647;
			files = (
				94F140CA1A5F95B100EC1BC9 /* UserLoginAndRegistrationTests.swift in Sources */,
			);
			runOnlyForDeploymentPostprocessing = 0;
		};
/* End PBXSourcesBuildPhase section */

/* Begin PBXTargetDependency section */
		94F140C51A5F95B100EC1BC9 /* PBXTargetDependency */ = {
			isa = PBXTargetDependency;
			target = 94F140AD1A5F95B100EC1BC9 /* UserLoginAndRegistration */;
			targetProxy = 94F140C41A5F95B100EC1BC9 /* PBXContainerItemProxy */;
		};
/* End PBXTargetDependency section */

/* Begin PBXVariantGroup section */
		94F140B71A5F95B100EC1BC9 /* Main.storyboard */ = {
			isa = PBXVariantGroup;
			children = (
				94F140B81A5F95B100EC1BC9 /* Base */,
			);
			name = Main.storyboard;
			sourceTree = "<group>";
		};
		94F140BC1A5F95B100EC1BC9 /* LaunchScreen.xib */ = {
			isa = PBXVariantGroup;
			children = (
				94F140BD1A5F95B100EC1BC9 /* Base */,
			);
			name = LaunchScreen.xib;
			sourceTree = "<group>";
		};
/* End PBXVariantGroup section */

/* Begin XCBuildConfiguration section */
		94F140CB1A5F95B100EC1BC9 /* Debug */ = {
			isa = XCBuildConfiguration;
			buildSettings = {
				ALWAYS_SEARCH_USER_PATHS = NO;
				CLANG_CXX_LANGUAGE_STANDARD = "gnu++0x";
				CLANG_CXX_LIBRARY = "libc++";
				CLANG_ENABLE_MODULES = YES;
				CLANG_ENABLE_OBJC_ARC = YES;
				CLANG_WARN_BOOL_CONVERSION = YES;
				CLANG_WARN_CONSTANT_CONVERSION = YES;
				CLANG_WARN_DIRECT_OBJC_ISA_USAGE = YES_ERROR;
				CLANG_WARN_EMPTY_BODY = YES;
				CLANG_WARN_ENUM_CONVERSION = YES;
				CLANG_WARN_INT_CONVERSION = YES;
				CLANG_WARN_OBJC_ROOT_CLASS = YES_ERROR;
				CLANG_WARN_UNREACHABLE_CODE = YES;
				CLANG_WARN__DUPLICATE_METHOD_MATCH = YES;
				"CODE_SIGN_IDENTITY[sdk=iphoneos*]" = "iPhone Developer";
				COPY_PHASE_STRIP = NO;
				ENABLE_STRICT_OBJC_MSGSEND = YES;
				GCC_C_LANGUAGE_STANDARD = gnu99;
				GCC_DYNAMIC_NO_PIC = NO;
				GCC_OPTIMIZATION_LEVEL = 0;
				GCC_PREPROCESSOR_DEFINITIONS = (
					"DEBUG=1",
					"$(inherited)",
				);
				GCC_SYMBOLS_PRIVATE_EXTERN = NO;
				GCC_WARN_64_TO_32_BIT_CONVERSION = YES;
				GCC_WARN_ABOUT_RETURN_TYPE = YES_ERROR;
				GCC_WARN_UNDECLARED_SELECTOR = YES;
				GCC_WARN_UNINITIALIZED_AUTOS = YES_AGGRESSIVE;
				GCC_WARN_UNUSED_FUNCTION = YES;
				GCC_WARN_UNUSED_VARIABLE = YES;
				IPHONEOS_DEPLOYMENT_TARGET = 8.1;
				MTL_ENABLE_DEBUG_INFO = YES;
				ONLY_ACTIVE_ARCH = YES;
				SDKROOT = iphoneos;
				SWIFT_OPTIMIZATION_LEVEL = "-Onone";
			};
			name = Debug;
		};
		94F140CC1A5F95B100EC1BC9 /* Release */ = {
			isa = XCBuildConfiguration;
			buildSettings = {
				ALWAYS_SEARCH_USER_PATHS = NO;
				CLANG_CXX_LANGUAGE_STANDARD = "gnu++0x";
				CLANG_CXX_LIBRARY = "libc++";
				CLANG_ENABLE_MODULES = YES;
				CLANG_ENABLE_OBJC_ARC = YES;
				CLANG_WARN_BOOL_CONVERSION = YES;
				CLANG_WARN_CONSTANT_CONVERSION = YES;
				CLANG_WARN_DIRECT_OBJC_ISA_USAGE = YES_ERROR;
				CLANG_WARN_EMPTY_BODY = YES;
				CLANG_WARN_ENUM_CONVERSION = YES;
				CLANG_WARN_INT_CONVERSION = YES;
				CLANG_WARN_OBJC_ROOT_CLASS = YES_ERROR;
				CLANG_WARN_UNREACHABLE_CODE = YES;
				CLANG_WARN__DUPLICATE_METHOD_MATCH = YES;
				"CODE_SIGN_IDENTITY[sdk=iphoneos*]" = "iPhone Developer";
				COPY_PHASE_STRIP = YES;
				ENABLE_NS_ASSERTIONS = NO;
				ENABLE_STRICT_OBJC_MSGSEND = YES;
				GCC_C_LANGUAGE_STANDARD = gnu99;
				GCC_WARN_64_TO_32_BIT_CONVERSION = YES;
				GCC_WARN_ABOUT_RETURN_TYPE = YES_ERROR;
				GCC_WARN_UNDECLARED_SELECTOR = YES;
				GCC_WARN_UNINITIALIZED_AUTOS = YES_AGGRESSIVE;
				GCC_WARN_UNUSED_FUNCTION = YES;
				GCC_WARN_UNUSED_VARIABLE = YES;
				IPHONEOS_DEPLOYMENT_TARGET = 8.1;
				MTL_ENABLE_DEBUG_INFO = NO;
				SDKROOT = iphoneos;
				VALIDATE_PRODUCT = YES;
			};
			name = Release;
		};
		94F140CE1A5F95B100EC1BC9 /* Debug */ = {
			isa = XCBuildConfiguration;
			buildSettings = {
				ASSETCATALOG_COMPILER_APPICON_NAME = AppIcon;
				INFOPLIST_FILE = UserLoginAndRegistration/Info.plist;
				LD_RUNPATH_SEARCH_PATHS = "$(inherited) @executable_path/Frameworks";
				PRODUCT_NAME = "$(TARGET_NAME)";
				TARGETED_DEVICE_FAMILY = 1;
			};
			name = Debug;
		};
		94F140CF1A5F95B100EC1BC9 /* Release */ = {
			isa = XCBuildConfiguration;
			buildSettings = {
				ASSETCATALOG_COMPILER_APPICON_NAME = AppIcon;
				INFOPLIST_FILE = UserLoginAndRegistration/Info.plist;
				LD_RUNPATH_SEARCH_PATHS = "$(inherited) @executable_path/Frameworks";
				PRODUCT_NAME = "$(TARGET_NAME)";
				TARGETED_DEVICE_FAMILY = 1;
			};
			name = Release;
		};
		94F140D11A5F95B100EC1BC9 /* Debug */ = {
			isa = XCBuildConfiguration;
			buildSettings = {
				BUNDLE_LOADER = "$(TEST_HOST)";
				FRAMEWORK_SEARCH_PATHS = (
					"$(SDKROOT)/Developer/Library/Frameworks",
					"$(inherited)",
				);
				GCC_PREPROCESSOR_DEFINITIONS = (
					"DEBUG=1",
					"$(inherited)",
				);
				INFOPLIST_FILE = UserLoginAndRegistrationTests/Info.plist;
				LD_RUNPATH_SEARCH_PATHS = "$(inherited) @executable_path/Frameworks @loader_path/Frameworks";
				PRODUCT_NAME = "$(TARGET_NAME)";
				TEST_HOST = "$(BUILT_PRODUCTS_DIR)/UserLoginAndRegistration.app/UserLoginAndRegistration";
			};
			name = Debug;
		};
		94F140D21A5F95B100EC1BC9 /* Release */ = {
			isa = XCBuildConfiguration;
			buildSettings = {
				BUNDLE_LOADER = "$(TEST_HOST)";
				FRAMEWORK_SEARCH_PATHS = (
					"$(SDKROOT)/Developer/Library/Frameworks",
					"$(inherited)",
				);
				INFOPLIST_FILE = UserLoginAndRegistrationTests/Info.plist;
				LD_RUNPATH_SEARCH_PATHS = "$(inherited) @executable_path/Frameworks @loader_path/Frameworks";
				PRODUCT_NAME = "$(TARGET_NAME)";
				TEST_HOST = "$(BUILT_PRODUCTS_DIR)/UserLoginAndRegistration.app/UserLoginAndRegistration";
			};
			name = Release;
		};
/* End XCBuildConfiguration section */

/* Begin XCConfigurationList section */
		94F140A91A5F95B100EC1BC9 /* Build configuration list for PBXProject "UserLoginAndRegistration" */ = {
			isa = XCConfigurationList;
			buildConfigurations = (
				94F140CB1A5F95B100EC1BC9 /* Debug */,
				94F140CC1A5F95B100EC1BC9 /* Release */,
			);
			defaultConfigurationIsVisible = 0;
			defaultConfigurationName = Release;
		};
		94F140CD1A5F95B100EC1BC9 /* Build configuration list for PBXNativeTarget "UserLoginAndRegistration" */ = {
			isa = XCConfigurationList;
			buildConfigurations = (
				94F140CE1A5F95B100EC1BC9 /* Debug */,
				94F140CF1A5F95B100EC1BC9 /* Release */,
			);
			defaultConfigurationIsVisible = 0;
			defaultConfigurationName = Release;
		};
		94F140D01A5F95B100EC1BC9 /* Build configuration list for PBXNativeTarget "UserLoginAndRegistrationTests" */ = {
			isa = XCConfigurationList;
			buildConfigurations = (
				94F140D11A5F95B100EC1BC9 /* Debug */,
				94F140D21A5F95B100EC1BC9 /* Release */,
			);
			defaultConfigurationIsVisible = 0;
			defaultConfigurationName = Release;
		};
/* End XCConfigurationList section */
	};
	rootObject = 94F140A61A5F95B100EC1BC9 /* Project object */;
}
